{
  "name": "mousikea",
  "version": "1.0.0",
  "lockfileVersion": 1,
  "requires": true,
  "dependencies": {
    "webaudiofont": {
      "version": "2.5.47",
      "resolved": "https://registry.npmjs.org/webaudiofont/-/webaudiofont-2.5.47.tgz",
      "integrity": "sha512-YJ4JGLlalSbUfqWbKUtF8pIwsFlitbAR6DSaDBK9Nk+sEVHekC4C8PNdYkiauS5MicrbweOefcywrHTJl/ufaQ==",
      "dev": true
    }
  }
}
